
Microsoft Visual Studio Solution File, Format Version 12.00
# Visual Studio Version 16
VisualStudioVersion = 16.0.30204.135
MinimumVisualStudioVersion = 10.0.40219.1
Project("{FAE04EC0-301F-11D3-BF4B-00C04F79EFBC}") = "BookStore-API", "BookStore-API\BookStore-API.csproj", "{792CD295-F8B9-42A4-BA8B-6947F8E32686}"
EndProject
Global
	GlobalSection(SolutionConfigurationPlatforms) = preSolution
		Debug|Any CPU = Debug|Any CPU
		Release|Any CPU = Release|Any CPU
	EndGlobalSection
	GlobalSection(ProjectConfigurationPlatforms) = postSolution
		{792CD295-F8B9-42A4-BA8B-6947F8E32686}.Debug|Any CPU.ActiveCfg = Debug|Any CPU
		{792CD295-F8B9-42A4-BA8B-6947F8E32686}.Debug|Any CPU.Build.0 = Debug|Any CPU
		{792CD295-F8B9-42A4-BA8B-6947F8E32686}.Release|Any CPU.ActiveCfg = Release|Any CPU
		{792CD295-F8B9-42A4-BA8B-6947F8E32686}.Release|Any CPU.Build.0 = Release|Any CPU
	EndGlobalSection
	GlobalSection(SolutionProperties) = preSolution
		HideSolutionNode = FALSE
	EndGlobalSection
	GlobalSection(ExtensibilityGlobals) = postSolution
		SolutionGuid = {14D7D232-6D5F-4A5A-94C9-681A2B2703AC}
	EndGlobalSection
EndGlobal
